
Microsoft Visual Studio Solution File, Format Version 12.00
# Visual Studio Version 17
VisualStudioVersion = 17.7.34221.43
MinimumVisualStudioVersion = 10.0.40219.1
Project("{E24C65DC-7377-472B-9ABA-BC803B73C61A}") = "EventManager", ".", "{73110B50-D94C-4DA6-ADB6-754F6E9CA01D}"
	ProjectSection(WebsiteProperties) = preProject
		TargetFrameworkMoniker = ".NETFramework,Version%3Dv4.7.2"
		Debug.AspNetCompiler.VirtualPath = "/localhost_65443"
		Debug.AspNetCompiler.PhysicalPath = "..\EventManager\"
		Debug.AspNetCompiler.TargetPath = "PrecompiledWeb\localhost_65443\"
		Debug.AspNetCompiler.Updateable = "true"
		Debug.AspNetCompiler.ForceOverwrite = "true"
		Debug.AspNetCompiler.FixedNames = "false"
		Debug.AspNetCompiler.Debug = "True"
		Release.AspNetCompiler.VirtualPath = "/localhost_65443"
		Release.AspNetCompiler.PhysicalPath = "..\EventManager\"
		Release.AspNetCompiler.TargetPath = "PrecompiledWeb\localhost_65443\"
		Release.AspNetCompiler.Updateable = "true"
		Release.AspNetCompiler.ForceOverwrite = "true"
		Release.AspNetCompiler.FixedNames = "false"
		Release.AspNetCompiler.Debug = "False"
		VWDPort = "65443"
		SlnRelativePath = "..\EventManager\"
		DefaultWebSiteLanguage = "Visual C#"
	EndProjectSection
EndProject
Global
	GlobalSection(SolutionConfigurationPlatforms) = preSolution
		Debug|Any CPU = Debug|Any CPU
	EndGlobalSection
	GlobalSection(ProjectConfigurationPlatforms) = postSolution
		{73110B50-D94C-4DA6-ADB6-754F6E9CA01D}.Debug|Any CPU.ActiveCfg = Debug|Any CPU
		{73110B50-D94C-4DA6-ADB6-754F6E9CA01D}.Debug|Any CPU.Build.0 = Debug|Any CPU
	EndGlobalSection
	GlobalSection(SolutionProperties) = preSolution
		HideSolutionNode = FALSE
	EndGlobalSection
	GlobalSection(ExtensibilityGlobals) = postSolution
		SolutionGuid = {A6589FAD-A6EC-4B2F-92A2-3E2189AE44FF}
	EndGlobalSection
EndGlobal
